
Microsoft Visual Studio Solution File, Format Version 12.00
# Visual Studio Version 16
VisualStudioVersion = 16.0.31702.278
MinimumVisualStudioVersion = 10.0.40219.1
Project("{9A19103F-16F7-4668-BE54-9A1E7A4F7556}") = "WebApplication6", "WebApplication6\WebApplication6.csproj", "{68201D5B-FAAF-4D8D-B534-26B00D5721FF}"
EndProject
Project("{E53339B2-1760-4266-BCC7-CA923CBCF16C}") = "docker-compose", "docker-compose.dcproj", "{3C938CCD-415E-4445-9D12-6843ACC95525}"
EndProject
Global
	GlobalSection(SolutionConfigurationPlatforms) = preSolution
		Debug|Any CPU = Debug|Any CPU
		Release|Any CPU = Release|Any CPU
	EndGlobalSection
	GlobalSection(ProjectConfigurationPlatforms) = postSolution
		{68201D5B-FAAF-4D8D-B534-26B00D5721FF}.Debug|Any CPU.ActiveCfg = Debug|Any CPU
		{68201D5B-FAAF-4D8D-B534-26B00D5721FF}.Debug|Any CPU.Build.0 = Debug|Any CPU
		{68201D5B-FAAF-4D8D-B534-26B00D5721FF}.Release|Any CPU.ActiveCfg = Release|Any CPU
		{68201D5B-FAAF-4D8D-B534-26B00D5721FF}.Release|Any CPU.Build.0 = Release|Any CPU
		{3C938CCD-415E-4445-9D12-6843ACC95525}.Debug|Any CPU.ActiveCfg = Debug|Any CPU
		{3C938CCD-415E-4445-9D12-6843ACC95525}.Debug|Any CPU.Build.0 = Debug|Any CPU
		{3C938CCD-415E-4445-9D12-6843ACC95525}.Release|Any CPU.ActiveCfg = Release|Any CPU
		{3C938CCD-415E-4445-9D12-6843ACC95525}.Release|Any CPU.Build.0 = Release|Any CPU
	EndGlobalSection
	GlobalSection(SolutionProperties) = preSolution
		HideSolutionNode = FALSE
	EndGlobalSection
	GlobalSection(ExtensibilityGlobals) = postSolution
		SolutionGuid = {1503C337-AE9F-4CF3-B6EA-0353BDB7694B}
	EndGlobalSection
EndGlobal
